
Microsoft Visual Studio Solution File, Format Version 12.00
# Visual Studio 2013
VisualStudioVersion = 12.0.31101.0
MinimumVisualStudioVersion = 10.0.40219.1
Project("{54435603-DBB4-11D2-8724-00A0C9A8B90C}") = "NanoRayUSBDriverSetup", "NanoRayUSBDriverSetup\NanoRayUSBDriverSetup.vdproj", "{615E51E4-6A2A-4A76-956A-77022F72CCB7}"
EndProject
Global
	GlobalSection(SolutionConfigurationPlatforms) = preSolution
		Debug|Default = Debug|Default
		Release|Default = Release|Default
	EndGlobalSection
	GlobalSection(ProjectConfigurationPlatforms) = postSolution
		{615E51E4-6A2A-4A76-956A-77022F72CCB7}.Debug|Default.ActiveCfg = Debug
		{615E51E4-6A2A-4A76-956A-77022F72CCB7}.Debug|Default.Build.0 = Debug
		{615E51E4-6A2A-4A76-956A-77022F72CCB7}.Release|Default.ActiveCfg = Release
		{615E51E4-6A2A-4A76-956A-77022F72CCB7}.Release|Default.Build.0 = Release
	EndGlobalSection
	GlobalSection(SolutionProperties) = preSolution
		HideSolutionNode = FALSE
	EndGlobalSection
EndGlobal
